// !$*UTF8*$!
{
	archiveVersion = 1;
	classes = {
	};
	objectVersion = 50;
	objects = {

/* Begin PBXBuildFile section */
		62122D622353B99600AE703F /* AppDelegate.swift in Sources */ = {isa = PBXBuildFile; fileRef = 62122D612353B99600AE703F /* AppDelegate.swift */; };
		62122D642353B99600AE703F /* SceneDelegate.swift in Sources */ = {isa = PBXBuildFile; fileRef = 62122D632353B99600AE703F /* SceneDelegate.swift */; };
		62122D662353B99600AE703F /* ContentView.swift in Sources */ = {isa = PBXBuildFile; fileRef = 62122D652353B99600AE703F /* ContentView.swift */; };
		62122D682353B99A00AE703F /* Assets.xcassets in Resources */ = {isa = PBXBuildFile; fileRef = 62122D672353B99A00AE703F /* Assets.xcassets */; };
		62122D6B2353B99A00AE703F /* Preview Assets.xcassets in Resources */ = {isa = PBXBuildFile; fileRef = 62122D6A2353B99A00AE703F /* Preview Assets.xcassets */; };
		62122D6E2353B99A00AE703F /* LaunchScreen.storyboard in Resources */ = {isa = PBXBuildFile; fileRef = 62122D6C2353B99A00AE703F /* LaunchScreen.storyboard */; };
		62122D762353BAE800AE703F /* Animal.swift in Sources */ = {isa = PBXBuildFile; fileRef = 62122D752353BAE800AE703F /* Animal.swift */; };
		62122D782353BDD300AE703F /* DetailView.swift in Sources */ = {isa = PBXBuildFile; fileRef = 62122D772353BDD300AE703F /* DetailView.swift */; };
/* End PBXBuildFile section */

/* Begin PBXFileReference section */
		62122D5E2353B99500AE703F /* SwiftUI_TableView_Sample.app */ = {isa = PBXFileReference; explicitFileType = wrapper.application; includeInIndex = 0; path = SwiftUI_TableView_Sample.app; sourceTree = BUILT_PRODUCTS_DIR; };
		62122D612353B99600AE703F /* AppDelegate.swift */ = {isa = PBXFileReference; lastKnownFileType = sourcecode.swift; path = AppDelegate.swift; sourceTree = "<group>"; };
		62122D632353B99600AE703F /* SceneDelegate.swift */ = {isa = PBXFileReference; lastKnownFileType = sourcecode.swift; path = SceneDelegate.swift; sourceTree = "<group>"; };
		62122D652353B99600AE703F /* ContentView.swift */ = {isa = PBXFileReference; lastKnownFileType = sourcecode.swift; path = ContentView.swift; sourceTree = "<group>"; };
		62122D672353B99A00AE703F /* Assets.xcassets */ = {isa = PBXFileReference; lastKnownFileType = folder.assetcatalog; path = Assets.xcassets; sourceTree = "<group>"; };
		62122D6A2353B99A00AE703F /* Preview Assets.xcassets */ = {isa = PBXFileReference; lastKnownFileType = folder.assetcatalog; path = "Preview Assets.xcassets"; sourceTree = "<group>"; };
		62122D6D2353B99A00AE703F /* Base */ = {isa = PBXFileReference; lastKnownFileType = file.storyboard; name = Base; path = Base.lproj/LaunchScreen.storyboard; sourceTree = "<group>"; };
		62122D6F2353B99A00AE703F /* Info.plist */ = {isa = PBXFileReference; lastKnownFileType = text.plist.xml; path = Info.plist; sourceTree = "<group>"; };
		62122D752353BAE800AE703F /* Animal.swift */ = {isa = PBXFileReference; lastKnownFileType = sourcecode.swift; path = Animal.swift; sourceTree = "<group>"; };
		62122D772353BDD300AE703F /* DetailView.swift */ = {isa = PBXFileReference; lastKnownFileType = sourcecode.swift; path = DetailView.swift; sourceTree = "<group>"; };
/* End PBXFileReference section */

/* Begin PBXFrameworksBuildPhase section */
		62122D5B2353B99500AE703F /* Frameworks */ = {
			isa = PBXFrameworksBuildPhase;
			buildActionMask = 2147483647;
			files = (
			);
			runOnlyForDeploymentPostprocessing = 0;
		};
/* End PBXFrameworksBuildPhase section */

/* Begin PBXGroup section */
		62122D552353B99500AE703F = {
			isa = PBXGroup;
			children = (
				62122D602353B99500AE703F /* SwiftUI_TableView_Sample */,
				62122D5F2353B99500AE703F /* Products */,
			);
			sourceTree = "<group>";
		};
		62122D5F2353B99500AE703F /* Products */ = {
			isa = PBXGroup;
			children = (
				62122D5E2353B99500AE703F /* SwiftUI_TableView_Sample.app */,
			);
			name = Products;
			sourceTree = "<group>";
		};
		62122D602353B99500AE703F /* SwiftUI_TableView_Sample */ = {
			isa = PBXGroup;
			children = (
				62122D612353B99600AE703F /* AppDelegate.swift */,
				62122D632353B99600AE703F /* SceneDelegate.swift */,
				62122D652353B99600AE703F /* ContentView.swift */,
				62122D772353BDD300AE703F /* DetailView.swift */,
				62122D752353BAE800AE703F /* Animal.swift */,
				62122D672353B99A00AE703F /* Assets.xcassets */,
				62122D6C2353B99A00AE703F /* LaunchScreen.storyboard */,
				62122D6F2353B99A00AE703F /* Info.plist */,
				62122D692353B99A00AE703F /* Preview Content */,
			);
			path = SwiftUI_TableView_Sample;
			sourceTree = "<group>";
		};
		62122D692353B99A00AE703F /* Preview Content */ = {
			isa = PBXGroup;
			children = (
				62122D6A2353B99A00AE703F /* Preview Assets.xcassets */,
			);
			path = "Preview Content";
			sourceTree = "<group>";
		};
/* End PBXGroup section */

/* Begin PBXNativeTarget section */
		62122D5D2353B99500AE703F /* SwiftUI_TableView_Sample */ = {
			isa = PBXNativeTarget;
			buildConfigurationList = 62122D722353B99A00AE703F /* Build configuration list for PBXNativeTarget "SwiftUI_TableView_Sample" */;
			buildPhases = (
				62122D5A2353B99500AE703F /* Sources */,
				62122D5B2353B99500AE703F /* Frameworks */,
				62122D5C2353B99500AE703F /* Resources */,
			);
			buildRules = (
			);
			dependencies = (
			);
			name = SwiftUI_TableView_Sample;
			productName = SwiftUI_TableView_Sample;
			productReference = 62122D5E2353B99500AE703F /* SwiftUI_TableView_Sample.app */;
			productType = "com.apple.product-type.application";
		};
/* End PBXNativeTarget section */

/* Begin PBXProject section */
		62122D562353B99500AE703F /* Project object */ = {
			isa = PBXProject;
			attributes = {
				LastSwiftUpdateCheck = 1110;
				LastUpgradeCheck = 1110;
				ORGANIZATIONNAME = "YOUNGSIC KIM";
				TargetAttributes = {
					62122D5D2353B99500AE703F = {
						CreatedOnToolsVersion = 11.1;
					};
				};
			};
			buildConfigurationList = 62122D592353B99500AE703F /* Build configuration list for PBXProject "SwiftUI_TableView_Sample" */;
			compatibilityVersion = "Xcode 9.3";
			developmentRegion = en;
			hasScannedForEncodings = 0;
			knownRegions = (
				en,
				Base,
			);
			mainGroup = 62122D552353B99500AE703F;
			productRefGroup = 62122D5F2353B99500AE703F /* Products */;
			projectDirPath = "";
			projectRoot = "";
			targets = (
				62122D5D2353B99500AE703F /* SwiftUI_TableView_Sample */,
			);
		};
/* End PBXProject section */

/* Begin PBXResourcesBuildPhase section */
		62122D5C2353B99500AE703F /* Resources */ = {
			isa = PBXResourcesBuildPhase;
			buildActionMask = 2147483647;
			files = (
				62122D6E2353B99A00AE703F /* LaunchScreen.storyboard in Resources */,
				62122D6B2353B99A00AE703F /* Preview Assets.xcassets in Resources */,
				62122D682353B99A00AE703F /* Assets.xcassets in Resources */,
			);
			runOnlyForDeploymentPostprocessing = 0;
		};
/* End PBXResourcesBuildPhase section */

/* Begin PBXSourcesBuildPhase section */
		62122D5A2353B99500AE703F /* Sources */ = {
			isa = PBXSourcesBuildPhase;
			buildActionMask = 2147483647;
			files = (
				62122D622353B99600AE703F /* AppDelegate.swift in Sources */,
				62122D762353BAE800AE703F /* Animal.swift in Sources */,
				62122D642353B99600AE703F /* SceneDelegate.swift in Sources */,
				62122D782353BDD300AE703F /* DetailView.swift in Sources */,
				62122D662353B99600AE703F /* ContentView.swift in Sources */,
			);
			runOnlyForDeploymentPostprocessing = 0;
		};
/* End PBXSourcesBuildPhase section */

/* Begin PBXVariantGroup section */
		62122D6C2353B99A00AE703F /* LaunchScreen.storyboard */ = {
			isa = PBXVariantGroup;
			children = (
				62122D6D2353B99A00AE703F /* Base */,
			);
			name = LaunchScreen.storyboard;
			sourceTree = "<group>";
		};
/* End PBXVariantGroup section */

/* Begin XCBuildConfiguration section */
		62122D702353B99A00AE703F /* Debug */ = {
			isa = XCBuildConfiguration;
			buildSettings = {
				ALWAYS_SEARCH_USER_PATHS = NO;
				CLANG_ANALYZER_NONNULL = YES;
				CLANG_ANALYZER_NUMBER_OBJECT_CONVERSION = YES_AGGRESSIVE;
				CLANG_CXX_LANGUAGE_STANDARD = "gnu++14";
				CLANG_CXX_LIBRARY = "libc++";
				CLANG_ENABLE_MODULES = YES;
				CLANG_ENABLE_OBJC_ARC = YES;
				CLANG_ENABLE_OBJC_WEAK = YES;
				CLANG_WARN_BLOCK_CAPTURE_AUTORELEASING = YES;
				CLANG_WARN_BOOL_CONVERSION = YES;
				CLANG_WARN_COMMA = YES;
				CLANG_WARN_CONSTANT_CONVERSION = YES;
				CLANG_WARN_DEPRECATED_OBJC_IMPLEMENTATIONS = YES;
				CLANG_WARN_DIRECT_OBJC_ISA_USAGE = YES_ERROR;
				CLANG_WARN_DOCUMENTATION_COMMENTS = YES;
				CLANG_WARN_EMPTY_BODY = YES;
				CLANG_WARN_ENUM_CONVERSION = YES;
				CLANG_WARN_INFINITE_RECURSION = YES;
				CLANG_WARN_INT_CONVERSION = YES;
				CLANG_WARN_NON_LITERAL_NULL_CONVERSION = YES;
				CLANG_WARN_OBJC_IMPLICIT_RETAIN_SELF = YES;
				CLANG_WARN_OBJC_LITERAL_CONVERSION = YES;
				CLANG_WARN_OBJC_ROOT_CLASS = YES_ERROR;
				CLANG_WARN_RANGE_LOOP_ANALYSIS = YES;
				CLANG_WARN_STRICT_PROTOTYPES = YES;
				CLANG_WARN_SUSPICIOUS_MOVE = YES;
				CLANG_WARN_UNGUARDED_AVAILABILITY = YES_AGGRESSIVE;
				CLANG_WARN_UNREACHABLE_CODE = YES;
				CLANG_WARN__DUPLICATE_METHOD_MATCH = YES;
				COPY_PHASE_STRIP = NO;
				DEBUG_INFORMATION_FORMAT = dwarf;
				ENABLE_STRICT_OBJC_MSGSEND = YES;
				ENABLE_TESTABILITY = YES;
				GCC_C_LANGUAGE_STANDARD = gnu11;
				GCC_DYNAMIC_NO_PIC = NO;
				GCC_NO_COMMON_BLOCKS = YES;
				GCC_OPTIMIZATION_LEVEL = 0;
				GCC_PREPROCESSOR_DEFINITIONS = (
					"DEBUG=1",
					"$(inherited)",
				);
				GCC_WARN_64_TO_32_BIT_CONVERSION = YES;
				GCC_WARN_ABOUT_RETURN_TYPE = YES_ERROR;
				GCC_WARN_UNDECLARED_SELECTOR = YES;
				GCC_WARN_UNINITIALIZED_AUTOS = YES_AGGRESSIVE;
				GCC_WARN_UNUSED_FUNCTION = YES;
				GCC_WARN_UNUSED_VARIABLE = YES;
				IPHONEOS_DEPLOYMENT_TARGET = 13.1;
				MTL_ENABLE_DEBUG_INFO = INCLUDE_SOURCE;
				MTL_FAST_MATH = YES;
				ONLY_ACTIVE_ARCH = YES;
				SDKROOT = iphoneos;
				SWIFT_ACTIVE_COMPILATION_CONDITIONS = DEBUG;
				SWIFT_OPTIMIZATION_LEVEL = "-Onone";
			};
			name = Debug;
		};
		62122D712353B99A00AE703F /* Release */ = {
			isa = XCBuildConfiguration;
			buildSettings = {
				ALWAYS_SEARCH_USER_PATHS = NO;
				CLANG_ANALYZER_NONNULL = YES;
				CLANG_ANALYZER_NUMBER_OBJECT_CONVERSION = YES_AGGRESSIVE;
				CLANG_CXX_LANGUAGE_STANDARD = "gnu++14";
				CLANG_CXX_LIBRARY = "libc++";
				CLANG_ENABLE_MODULES = YES;
				CLANG_ENABLE_OBJC_ARC = YES;
				CLANG_ENABLE_OBJC_WEAK = YES;
				CLANG_WARN_BLOCK_CAPTURE_AUTORELEASING = YES;
				CLANG_WARN_BOOL_CONVERSION = YES;
				CLANG_WARN_COMMA = YES;
				CLANG_WARN_CONSTANT_CONVERSION = YES;
				CLANG_WARN_DEPRECATED_OBJC_IMPLEMENTATIONS = YES;
				CLANG_WARN_DIRECT_OBJC_ISA_USAGE = YES_ERROR;
				CLANG_WARN_DOCUMENTATION_COMMENTS = YES;
				CLANG_WARN_EMPTY_BODY = YES;
				CLANG_WARN_ENUM_CONVERSION = YES;
				CLANG_WARN_INFINITE_RECURSION = YES;
				CLANG_WARN_INT_CONVERSION = YES;
				CLANG_WARN_NON_LITERAL_NULL_CONVERSION = YES;
				CLANG_WARN_OBJC_IMPLICIT_RETAIN_SELF = YES;
				CLANG_WARN_OBJC_LITERAL_CONVERSION = YES;
				CLANG_WARN_OBJC_ROOT_CLASS = YES_ERROR;
				CLANG_WARN_RANGE_LOOP_ANALYSIS = YES;
				CLANG_WARN_STRICT_PROTOTYPES = YES;
				CLANG_WARN_SUSPICIOUS_MOVE = YES;
				CLANG_WARN_UNGUARDED_AVAILABILITY = YES_AGGRESSIVE;
				CLANG_WARN_UNREACHABLE_CODE = YES;
				CLANG_WARN__DUPLICATE_METHOD_MATCH = YES;
				COPY_PHASE_STRIP = NO;
				DEBUG_INFORMATION_FORMAT = "dwarf-with-dsym";
				ENABLE_NS_ASSERTIONS = NO;
				ENABLE_STRICT_OBJC_MSGSEND = YES;
				GCC_C_LANGUAGE_STANDARD = gnu11;
				GCC_NO_COMMON_BLOCKS = YES;
				GCC_WARN_64_TO_32_BIT_CONVERSION = YES;
				GCC_WARN_ABOUT_RETURN_TYPE = YES_ERROR;
				GCC_WARN_UNDECLARED_SELECTOR = YES;
				GCC_WARN_UNINITIALIZED_AUTOS = YES_AGGRESSIVE;
				GCC_WARN_UNUSED_FUNCTION = YES;
				GCC_WARN_UNUSED_VARIABLE = YES;
				IPHONEOS_DEPLOYMENT_TARGET = 13.1;
				MTL_ENABLE_DEBUG_INFO = NO;
				MTL_FAST_MATH = YES;
				SDKROOT = iphoneos;
				SWIFT_COMPILATION_MODE = wholemodule;
				SWIFT_OPTIMIZATION_LEVEL = "-O";
				VALIDATE_PRODUCT = YES;
			};
			name = Release;
		};
		62122D732353B99A00AE703F /* Debug */ = {
			isa = XCBuildConfiguration;
			buildSettings = {
				ASSETCATALOG_COMPILER_APPICON_NAME = AppIcon;
				CODE_SIGN_STYLE = Automatic;
				DEVELOPMENT_ASSET_PATHS = "\"SwiftUI_TableView_Sample/Preview Content\"";
				DEVELOPMENT_TEAM = 33BKRBW8SH;
				ENABLE_PREVIEWS = YES;
				INFOPLIST_FILE = SwiftUI_TableView_Sample/Info.plist;
				LD_RUNPATH_SEARCH_PATHS = (
					"$(inherited)",
					"@executable_path/Frameworks",
				);
				PRODUCT_BUNDLE_IDENTIFIER = "loydkim.SwiftUI-TableView-Sample";
				PRODUCT_NAME = "$(TARGET_NAME)";
				SWIFT_VERSION = 5.0;
				TARGETED_DEVICE_FAMILY = "1,2";
			};
			name = Debug;
		};
		62122D742353B99A00AE703F /* Release */ = {
			isa = XCBuildConfiguration;
			buildSettings = {
				ASSETCATALOG_COMPILER_APPICON_NAME = AppIcon;
				CODE_SIGN_STYLE = Automatic;
				DEVELOPMENT_ASSET_PATHS = "\"SwiftUI_TableView_Sample/Preview Content\"";
				DEVELOPMENT_TEAM = 33BKRBW8SH;
				ENABLE_PREVIEWS = YES;
				INFOPLIST_FILE = SwiftUI_TableView_Sample/Info.plist;
				LD_RUNPATH_SEARCH_PATHS = (
					"$(inherited)",
					"@executable_path/Frameworks",
				);
				PRODUCT_BUNDLE_IDENTIFIER = "loydkim.SwiftUI-TableView-Sample";
				PRODUCT_NAME = "$(TARGET_NAME)";
				SWIFT_VERSION = 5.0;
				TARGETED_DEVICE_FAMILY = "1,2";
			};
			name = Release;
		};
/* End XCBuildConfiguration section */

/* Begin XCConfigurationList section */
		62122D592353B99500AE703F /* Build configuration list for PBXProject "SwiftUI_TableView_Sample" */ = {
			isa = XCConfigurationList;
			buildConfigurations = (
				62122D702353B99A00AE703F /* Debug */,
				62122D712353B99A00AE703F /* Release */,
			);
			defaultConfigurationIsVisible = 0;
			defaultConfigurationName = Release;
		};
		62122D722353B99A00AE703F /* Build configuration list for PBXNativeTarget "SwiftUI_TableView_Sample" */ = {
			isa = XCConfigurationList;
			buildConfigurations = (
				62122D732353B99A00AE703F /* Debug */,
				62122D742353B99A00AE703F /* Release */,
			);
			defaultConfigurationIsVisible = 0;
			defaultConfigurationName = Release;
		};
/* End XCConfigurationList section */
	};
	rootObject = 62122D562353B99500AE703F /* Project object */;
}
